
Microsoft Visual Studio Solution File, Format Version 12.00
# Visual Studio Version 17
VisualStudioVersion = 17.14.36109.1 d17.14
MinimumVisualStudioVersion = 10.0.40219.1
Project("{FAE04EC0-301F-11D3-BF4B-00C04F79EFBC}") = "logist_app", "logist_app\logist_app.csproj", "{491199D3-BCEC-4C92-ABF1-01EC7954D2FC}"
EndProject
Global
	GlobalSection(SolutionConfigurationPlatforms) = preSolution
		Debug|Any CPU = Debug|Any CPU
		Release|Any CPU = Release|Any CPU
	EndGlobalSection
	GlobalSection(ProjectConfigurationPlatforms) = postSolution
		{491199D3-BCEC-4C92-ABF1-01EC7954D2FC}.Debug|Any CPU.ActiveCfg = Debug|Any CPU
		{491199D3-BCEC-4C92-ABF1-01EC7954D2FC}.Debug|Any CPU.Build.0 = Debug|Any CPU
		{491199D3-BCEC-4C92-ABF1-01EC7954D2FC}.Release|Any CPU.ActiveCfg = Release|Any CPU
		{491199D3-BCEC-4C92-ABF1-01EC7954D2FC}.Release|Any CPU.Build.0 = Release|Any CPU
	EndGlobalSection
	GlobalSection(SolutionProperties) = preSolution
		HideSolutionNode = FALSE
	EndGlobalSection
	GlobalSection(ExtensibilityGlobals) = postSolution
		SolutionGuid = {4250EA35-18C5-494E-9D7D-D650FFF105FA}
	EndGlobalSection
EndGlobal
